PODS:
  - Alamofire (5.2.2)
  - MBProgressHUD (1.2.0)
  - RxCocoa (5.1.1):
    - RxRelay (~> 5)
    - RxSwift (~> 5)
  - RxRelay (5.1.1):
    - RxSwift (~> 5)
  - RxSwift (5.1.1)

DEPENDENCIES:
  - Alamofire
  - MBProgressHUD
  - RxCocoa
  - RxSwift

SPEC REPOS:
  trunk:
    - Alamofire
    - MBProgressHUD
    - RxCocoa
    - RxRelay
    - RxSwift

SPEC CHECKSUMS:
  Alamofire: 814429acc853c6c54ff123fc3d2ef66803823ce0
  MBProgressHUD: 3ee5efcc380f6a79a7cc9b363dd669c5e1ae7406
  RxCocoa: 32065309a38d29b5b0db858819b5bf9ef038b601
  RxRelay: d77f7d771495f43c556cbc43eebd1bb54d01e8e9
  RxSwift: 81470a2074fa8780320ea5fe4102807cb7118178

PODFILE CHECKSUM: 100b321cbc9cc5532f10ccc2cc9b6d003c47dcea

COCOAPODS: 1.9.3
